{
	"name": "com.torrserver.app.service",
	"version": "1.0.2",
	"lockfileVersion": 3,
	"requires": true,
	"packages": {
		"": {
			"name": "com.torrserver.app.service",
			"version": "1.0.2",
			"dependencies": {
				"webos-service": "git+https://github.com/webosose/nodejs-module-webos-service.git"
			}
		},
		"node_modules/webos-service": {
			"version": "0.0.1",
			"resolved": "git+ssh://git@github.com/webosose/nodejs-module-webos-service.git#1dd2c9d6cd21eb5d84f7619432ed6d2784bb56f9",
			"license": "Apache-2.0"
		}
	}
}
