{
	"name": "com.torrserver.app.service",
	"version": "1.1.17",
	"lockfileVersion": 3,
	"requires": true,
	"packages": {
		"": {
			"name": "com.torrserver.app.service",
			"version": "1.1.17",
			"dependencies": {
				"webos-service": "git+https://github.com/webosose/nodejs-module-webos-service.git#bad46b2c28ecb53bfd8da37349b61c478473a65d"
			}
		},
		"node_modules/webos-service": {
			"version": "0.0.1",
			"resolved": "git+ssh://git@github.com/webosose/nodejs-module-webos-service.git#bad46b2c28ecb53bfd8da37349b61c478473a65d",
			"integrity": "sha512-EN6189Du0NjMdarPRYGyPrJFs9LCNi5rJvaIadgnYgv0+9h+GT1nmR61zymavv0b2gJi+465iEpG/GKSZoZ/Pg==",
			"license": "Apache 2.0"
		}
	}
}
